
Microsoft Visual Studio Solution File, Format Version 12.00
# Visual Studio Version 17
VisualStudioVersion = 17.12.35506.116 d17.12
MinimumVisualStudioVersion = 10.0.40219.1
Project("{FAE04EC0-301F-11D3-BF4B-00C04F79EFBC}") = "trendify.Server", "trendify.Server\trendify.Server.csproj", "{643F1722-A092-4107-B36A-CEEFF637EF09}"
EndProject
Project("{FAE04EC0-301F-11D3-BF4B-00C04F79EFBC}") = "trendify.Core", "trendify.Core\trendify.Core.csproj", "{6FFCFA8D-1CFE-4302-B40A-036FC072125E}"
EndProject
Project("{FAE04EC0-301F-11D3-BF4B-00C04F79EFBC}") = "trendify.Infrastructure", "trendify.Infrastructure\trendify.Infrastructure.csproj", "{EFB497AE-1B23-4FEE-B1E8-731E5865D4C6}"
EndProject
Global
	GlobalSection(SolutionConfigurationPlatforms) = preSolution
		Debug|Any CPU = Debug|Any CPU
		Release|Any CPU = Release|Any CPU
	EndGlobalSection
	GlobalSection(ProjectConfigurationPlatforms) = postSolution
		{643F1722-A092-4107-B36A-CEEFF637EF09}.Debug|Any CPU.ActiveCfg = Debug|Any CPU
		{643F1722-A092-4107-B36A-CEEFF637EF09}.Debug|Any CPU.Build.0 = Debug|Any CPU
		{643F1722-A092-4107-B36A-CEEFF637EF09}.Release|Any CPU.ActiveCfg = Release|Any CPU
		{643F1722-A092-4107-B36A-CEEFF637EF09}.Release|Any CPU.Build.0 = Release|Any CPU
		{6FFCFA8D-1CFE-4302-B40A-036FC072125E}.Debug|Any CPU.ActiveCfg = Debug|Any CPU
		{6FFCFA8D-1CFE-4302-B40A-036FC072125E}.Debug|Any CPU.Build.0 = Debug|Any CPU
		{6FFCFA8D-1CFE-4302-B40A-036FC072125E}.Release|Any CPU.ActiveCfg = Release|Any CPU
		{6FFCFA8D-1CFE-4302-B40A-036FC072125E}.Release|Any CPU.Build.0 = Release|Any CPU
		{EFB497AE-1B23-4FEE-B1E8-731E5865D4C6}.Debug|Any CPU.ActiveCfg = Debug|Any CPU
		{EFB497AE-1B23-4FEE-B1E8-731E5865D4C6}.Debug|Any CPU.Build.0 = Debug|Any CPU
		{EFB497AE-1B23-4FEE-B1E8-731E5865D4C6}.Release|Any CPU.ActiveCfg = Release|Any CPU
		{EFB497AE-1B23-4FEE-B1E8-731E5865D4C6}.Release|Any CPU.Build.0 = Release|Any CPU
	EndGlobalSection
	GlobalSection(SolutionProperties) = preSolution
		HideSolutionNode = FALSE
	EndGlobalSection
EndGlobal
